
Microsoft Visual Studio Solution File, Format Version 12.00
# Visual Studio 15
VisualStudioVersion = 15.0.28010.2003
MinimumVisualStudioVersion = 10.0.40219.1
Project("{FAE04EC0-301F-11D3-BF4B-00C04F79EFBC}") = "Kadam.course.capstone", "Kadam.course.capstone\Kadam.course.capstone.csproj", "{911107AD-B2CF-4300-BAF1-B35BB1266EC3}"
EndProject
Global
	GlobalSection(SolutionConfigurationPlatforms) = preSolution
		Debug|Any CPU = Debug|Any CPU
		Release|Any CPU = Release|Any CPU
	EndGlobalSection
	GlobalSection(ProjectConfigurationPlatforms) = postSolution
		{911107AD-B2CF-4300-BAF1-B35BB1266EC3}.Debug|Any CPU.ActiveCfg = Debug|Any CPU
		{911107AD-B2CF-4300-BAF1-B35BB1266EC3}.Debug|Any CPU.Build.0 = Debug|Any CPU
		{911107AD-B2CF-4300-BAF1-B35BB1266EC3}.Release|Any CPU.ActiveCfg = Release|Any CPU
		{911107AD-B2CF-4300-BAF1-B35BB1266EC3}.Release|Any CPU.Build.0 = Release|Any CPU
	EndGlobalSection
	GlobalSection(SolutionProperties) = preSolution
		HideSolutionNode = FALSE
	EndGlobalSection
	GlobalSection(ExtensibilityGlobals) = postSolution
		SolutionGuid = {2F520F26-5F8A-4583-806C-E31E85DFF916}
	EndGlobalSection
EndGlobal
